
Microsoft Visual Studio Solution File, Format Version 12.00
# Visual Studio Version 16
VisualStudioVersion = 16.0.32106.194
MinimumVisualStudioVersion = 10.0.40219.1
Project("{FAE04EC0-301F-11D3-BF4B-00C04F79EFBC}") = "Competitions", "Competitions.csproj", "{A2A9B98C-4BBF-4C19-A8FB-38273F1D6565}"
EndProject
Global
	GlobalSection(SolutionConfigurationPlatforms) = preSolution
		Debug|Any CPU = Debug|Any CPU
		Release|Any CPU = Release|Any CPU
	EndGlobalSection
	GlobalSection(ProjectConfigurationPlatforms) = postSolution
		{A2A9B98C-4BBF-4C19-A8FB-38273F1D6565}.Debug|Any CPU.ActiveCfg = Debug|Any CPU
		{A2A9B98C-4BBF-4C19-A8FB-38273F1D6565}.Debug|Any CPU.Build.0 = Debug|Any CPU
		{A2A9B98C-4BBF-4C19-A8FB-38273F1D6565}.Release|Any CPU.ActiveCfg = Release|Any CPU
		{A2A9B98C-4BBF-4C19-A8FB-38273F1D6565}.Release|Any CPU.Build.0 = Release|Any CPU
	EndGlobalSection
	GlobalSection(SolutionProperties) = preSolution
		HideSolutionNode = FALSE
	EndGlobalSection
	GlobalSection(ExtensibilityGlobals) = postSolution
		SolutionGuid = {49323CCB-A8D8-407E-90C1-B4221EE7440E}
	EndGlobalSection
EndGlobal
